
Microsoft Visual Studio Solution File, Format Version 12.00
# Visual Studio 15
VisualStudioVersion = 15.0.28307.271
MinimumVisualStudioVersion = 10.0.40219.1
Project("{FAE04EC0-301F-11D3-BF4B-00C04F79EFBC}") = "eCommerceSite", "eCommerceSite\eCommerceSite.csproj", "{3AB7C505-2A83-4296-AFAB-6413CEC80A65}"
EndProject
Global
	GlobalSection(SolutionConfigurationPlatforms) = preSolution
		Debug|Any CPU = Debug|Any CPU
		Release|Any CPU = Release|Any CPU
	EndGlobalSection
	GlobalSection(ProjectConfigurationPlatforms) = postSolution
		{3AB7C505-2A83-4296-AFAB-6413CEC80A65}.Debug|Any CPU.ActiveCfg = Debug|Any CPU
		{3AB7C505-2A83-4296-AFAB-6413CEC80A65}.Debug|Any CPU.Build.0 = Debug|Any CPU
		{3AB7C505-2A83-4296-AFAB-6413CEC80A65}.Release|Any CPU.ActiveCfg = Release|Any CPU
		{3AB7C505-2A83-4296-AFAB-6413CEC80A65}.Release|Any CPU.Build.0 = Release|Any CPU
	EndGlobalSection
	GlobalSection(SolutionProperties) = preSolution
		HideSolutionNode = FALSE
	EndGlobalSection
	GlobalSection(ExtensibilityGlobals) = postSolution
		SolutionGuid = {42EC2B31-02AC-4519-B3AB-07762AAF4F66}
	EndGlobalSection
EndGlobal
